
Microsoft Visual Studio Solution File, Format Version 12.00
# Visual Studio 15
VisualStudioVersion = 15.0.28307.271
MinimumVisualStudioVersion = 10.0.40219.1
Project("{8BC9CEB8-8B4A-11D0-8D11-00A0C91BC942}") = "grafos", "grafos\grafos.vcxproj", "{5F97E631-B19F-4A82-B0E8-02CC3A1CAB13}"
EndProject
Global
	GlobalSection(SolutionConfigurationPlatforms) = preSolution
		Debug|x64 = Debug|x64
		Debug|x86 = Debug|x86
		Release|x64 = Release|x64
		Release|x86 = Release|x86
	EndGlobalSection
	GlobalSection(ProjectConfigurationPlatforms) = postSolution
		{5F97E631-B19F-4A82-B0E8-02CC3A1CAB13}.Debug|x64.ActiveCfg = Debug|x64
		{5F97E631-B19F-4A82-B0E8-02CC3A1CAB13}.Debug|x64.Build.0 = Debug|x64
		{5F97E631-B19F-4A82-B0E8-02CC3A1CAB13}.Debug|x86.ActiveCfg = Debug|Win32
		{5F97E631-B19F-4A82-B0E8-02CC3A1CAB13}.Debug|x86.Build.0 = Debug|Win32
		{5F97E631-B19F-4A82-B0E8-02CC3A1CAB13}.Release|x64.ActiveCfg = Release|x64
		{5F97E631-B19F-4A82-B0E8-02CC3A1CAB13}.Release|x64.Build.0 = Release|x64
		{5F97E631-B19F-4A82-B0E8-02CC3A1CAB13}.Release|x86.ActiveCfg = Release|Win32
		{5F97E631-B19F-4A82-B0E8-02CC3A1CAB13}.Release|x86.Build.0 = Release|Win32
	EndGlobalSection
	GlobalSection(SolutionProperties) = preSolution
		HideSolutionNode = FALSE
	EndGlobalSection
	GlobalSection(ExtensibilityGlobals) = postSolution
		SolutionGuid = {460B300C-6B5C-4BA3-BD78-ABDD2E6CA47D}
	EndGlobalSection
EndGlobal
