
Microsoft Visual Studio Solution File, Format Version 12.00
# Visual Studio 15
VisualStudioVersion = 15.0.28307.271
MinimumVisualStudioVersion = 10.0.40219.1
Project("{8BC9CEB8-8B4A-11D0-8D11-00A0C91BC942}") = "hashTable", "hashTable\hashTable.vcxproj", "{D051F28B-1904-4817-A5A2-8122C4B63ADD}"
EndProject
Global
	GlobalSection(SolutionConfigurationPlatforms) = preSolution
		Debug|x64 = Debug|x64
		Debug|x86 = Debug|x86
		Release|x64 = Release|x64
		Release|x86 = Release|x86
	EndGlobalSection
	GlobalSection(ProjectConfigurationPlatforms) = postSolution
		{D051F28B-1904-4817-A5A2-8122C4B63ADD}.Debug|x64.ActiveCfg = Debug|x64
		{D051F28B-1904-4817-A5A2-8122C4B63ADD}.Debug|x64.Build.0 = Debug|x64
		{D051F28B-1904-4817-A5A2-8122C4B63ADD}.Debug|x86.ActiveCfg = Debug|Win32
		{D051F28B-1904-4817-A5A2-8122C4B63ADD}.Debug|x86.Build.0 = Debug|Win32
		{D051F28B-1904-4817-A5A2-8122C4B63ADD}.Release|x64.ActiveCfg = Release|x64
		{D051F28B-1904-4817-A5A2-8122C4B63ADD}.Release|x64.Build.0 = Release|x64
		{D051F28B-1904-4817-A5A2-8122C4B63ADD}.Release|x86.ActiveCfg = Release|Win32
		{D051F28B-1904-4817-A5A2-8122C4B63ADD}.Release|x86.Build.0 = Release|Win32
	EndGlobalSection
	GlobalSection(SolutionProperties) = preSolution
		HideSolutionNode = FALSE
	EndGlobalSection
	GlobalSection(ExtensibilityGlobals) = postSolution
		SolutionGuid = {7F2F152C-6CDC-423B-860D-4BE16F7D2819}
	EndGlobalSection
EndGlobal
